
Microsoft Visual Studio Solution File, Format Version 12.00
# Visual Studio Version 16
VisualStudioVersion = 16.0.30907.101
MinimumVisualStudioVersion = 10.0.40219.1
Project("{FAE04EC0-301F-11D3-BF4B-00C04F79EFBC}") = "BlazorWebAssemblyAppHost.Server", "Server\BlazorWebAssemblyAppHost.Server.csproj", "{9F6D631E-433D-42F9-ADB7-7F0403CE6057}"
EndProject
Project("{FAE04EC0-301F-11D3-BF4B-00C04F79EFBC}") = "BlazorWebAssemblyAppHost.Client", "Client\BlazorWebAssemblyAppHost.Client.csproj", "{4E2AE655-523F-4353-8524-D35D5B761574}"
EndProject
Project("{FAE04EC0-301F-11D3-BF4B-00C04F79EFBC}") = "BlazorWebAssemblyAppHost.Shared", "Shared\BlazorWebAssemblyAppHost.Shared.csproj", "{AE665383-5AA7-418F-8CFA-7F9A5AB20327}"
EndProject
Global
	GlobalSection(SolutionConfigurationPlatforms) = preSolution
		Debug|Any CPU = Debug|Any CPU
		Release|Any CPU = Release|Any CPU
	EndGlobalSection
	GlobalSection(ProjectConfigurationPlatforms) = postSolution
		{9F6D631E-433D-42F9-ADB7-7F0403CE6057}.Debug|Any CPU.ActiveCfg = Debug|Any CPU
		{9F6D631E-433D-42F9-ADB7-7F0403CE6057}.Debug|Any CPU.Build.0 = Debug|Any CPU
		{9F6D631E-433D-42F9-ADB7-7F0403CE6057}.Release|Any CPU.ActiveCfg = Release|Any CPU
		{9F6D631E-433D-42F9-ADB7-7F0403CE6057}.Release|Any CPU.Build.0 = Release|Any CPU
		{4E2AE655-523F-4353-8524-D35D5B761574}.Debug|Any CPU.ActiveCfg = Debug|Any CPU
		{4E2AE655-523F-4353-8524-D35D5B761574}.Debug|Any CPU.Build.0 = Debug|Any CPU
		{4E2AE655-523F-4353-8524-D35D5B761574}.Release|Any CPU.ActiveCfg = Release|Any CPU
		{4E2AE655-523F-4353-8524-D35D5B761574}.Release|Any CPU.Build.0 = Release|Any CPU
		{AE665383-5AA7-418F-8CFA-7F9A5AB20327}.Debug|Any CPU.ActiveCfg = Debug|Any CPU
		{AE665383-5AA7-418F-8CFA-7F9A5AB20327}.Debug|Any CPU.Build.0 = Debug|Any CPU
		{AE665383-5AA7-418F-8CFA-7F9A5AB20327}.Release|Any CPU.ActiveCfg = Release|Any CPU
		{AE665383-5AA7-418F-8CFA-7F9A5AB20327}.Release|Any CPU.Build.0 = Release|Any CPU
	EndGlobalSection
	GlobalSection(SolutionProperties) = preSolution
		HideSolutionNode = FALSE
	EndGlobalSection
	GlobalSection(ExtensibilityGlobals) = postSolution
		SolutionGuid = {2C0C7825-4024-4A6D-B963-38E24118C0D1}
	EndGlobalSection
EndGlobal
